
Microsoft Visual Studio Solution File, Format Version 12.00
# Visual Studio 15
VisualStudioVersion = 15.0.28307.705
MinimumVisualStudioVersion = 10.0.40219.1
Project("{FAE04EC0-301F-11D3-BF4B-00C04F79EFBC}") = "Rss", "Rss\Rss.csproj", "{22D66E50-69C4-4361-94E3-B0040FBCFEBA}"
EndProject
Project("{FAE04EC0-301F-11D3-BF4B-00C04F79EFBC}") = "DAL", "DAL\DAL.csproj", "{92FC3E1D-3961-4BA6-9AC0-15D8125D000D}"
EndProject
Project("{FAE04EC0-301F-11D3-BF4B-00C04F79EFBC}") = "Rss.MVC", "Rss.MVC\Rss.MVC.csproj", "{9BC74D59-A043-4F85-ADFF-96A7DF049D89}"
EndProject
Project("{FAE04EC0-301F-11D3-BF4B-00C04F79EFBC}") = "Rss.Contract", "Rss.Contract\Rss.Contract.csproj", "{F0347FD3-D193-4141-AAD7-1F6EC7739500}"
EndProject
Global
	GlobalSection(SolutionConfigurationPlatforms) = preSolution
		Debug|Any CPU = Debug|Any CPU
		Release|Any CPU = Release|Any CPU
	EndGlobalSection
	GlobalSection(ProjectConfigurationPlatforms) = postSolution
		{22D66E50-69C4-4361-94E3-B0040FBCFEBA}.Debug|Any CPU.ActiveCfg = Debug|Any CPU
		{22D66E50-69C4-4361-94E3-B0040FBCFEBA}.Debug|Any CPU.Build.0 = Debug|Any CPU
		{22D66E50-69C4-4361-94E3-B0040FBCFEBA}.Release|Any CPU.ActiveCfg = Release|Any CPU
		{22D66E50-69C4-4361-94E3-B0040FBCFEBA}.Release|Any CPU.Build.0 = Release|Any CPU
		{92FC3E1D-3961-4BA6-9AC0-15D8125D000D}.Debug|Any CPU.ActiveCfg = Debug|Any CPU
		{92FC3E1D-3961-4BA6-9AC0-15D8125D000D}.Debug|Any CPU.Build.0 = Debug|Any CPU
		{92FC3E1D-3961-4BA6-9AC0-15D8125D000D}.Release|Any CPU.ActiveCfg = Release|Any CPU
		{92FC3E1D-3961-4BA6-9AC0-15D8125D000D}.Release|Any CPU.Build.0 = Release|Any CPU
		{9BC74D59-A043-4F85-ADFF-96A7DF049D89}.Debug|Any CPU.ActiveCfg = Debug|Any CPU
		{9BC74D59-A043-4F85-ADFF-96A7DF049D89}.Debug|Any CPU.Build.0 = Debug|Any CPU
		{9BC74D59-A043-4F85-ADFF-96A7DF049D89}.Release|Any CPU.ActiveCfg = Release|Any CPU
		{9BC74D59-A043-4F85-ADFF-96A7DF049D89}.Release|Any CPU.Build.0 = Release|Any CPU
		{F0347FD3-D193-4141-AAD7-1F6EC7739500}.Debug|Any CPU.ActiveCfg = Debug|Any CPU
		{F0347FD3-D193-4141-AAD7-1F6EC7739500}.Debug|Any CPU.Build.0 = Debug|Any CPU
		{F0347FD3-D193-4141-AAD7-1F6EC7739500}.Release|Any CPU.ActiveCfg = Release|Any CPU
		{F0347FD3-D193-4141-AAD7-1F6EC7739500}.Release|Any CPU.Build.0 = Release|Any CPU
	EndGlobalSection
	GlobalSection(SolutionProperties) = preSolution
		HideSolutionNode = FALSE
	EndGlobalSection
	GlobalSection(ExtensibilityGlobals) = postSolution
		SolutionGuid = {DD2F294C-432F-4D25-B90B-B0E6F270B978}
	EndGlobalSection
EndGlobal
